
Microsoft Visual Studio Solution File, Format Version 12.00
# Visual Studio 15
VisualStudioVersion = 15.0.27004.2005
MinimumVisualStudioVersion = 10.0.40219.1
Project("{2150E333-8FDC-42A3-9474-1A3956D46DE8}") = "Engine", "Engine", "{9F3C4ADF-60E6-4D02-A1F0-88661BE7CB72}"
EndProject
Project("{2150E333-8FDC-42A3-9474-1A3956D46DE8}") = "Games", "Games", "{5448C58E-6CEF-432D-81EC-4F9C72E9AB73}"
EndProject
Project("{8BC9CEB8-8B4A-11D0-8D11-00A0C91BC942}") = "UE4", "Intermediate\ProjectFiles\UE4.vcxproj", "{0D297E33-808A-4262-8F84-F4A219AD1762}"
EndProject
Project("{8BC9CEB8-8B4A-11D0-8D11-00A0C91BC942}") = "BuildingEscape", "Intermediate\ProjectFiles\BuildingEscape.vcxproj", "{7908A21A-33E5-4986-B048-B44631A33928}"
EndProject
Global
	GlobalSection(SolutionConfigurationPlatforms) = preSolution
		DebugGame Editor|HTML5 = DebugGame Editor|HTML5
		DebugGame Editor|IOS = DebugGame Editor|IOS
		DebugGame Editor|Win32 = DebugGame Editor|Win32
		DebugGame Editor|Win64 = DebugGame Editor|Win64
		DebugGame|HTML5 = DebugGame|HTML5
		DebugGame|IOS = DebugGame|IOS
		DebugGame|Win32 = DebugGame|Win32
		DebugGame|Win64 = DebugGame|Win64
		Development Editor|HTML5 = Development Editor|HTML5
		Development Editor|IOS = Development Editor|IOS
		Development Editor|Win32 = Development Editor|Win32
		Development Editor|Win64 = Development Editor|Win64
		Development|HTML5 = Development|HTML5
		Development|IOS = Development|IOS
		Development|Win32 = Development|Win32
		Development|Win64 = Development|Win64
		Shipping|HTML5 = Shipping|HTML5
		Shipping|IOS = Shipping|IOS
		Shipping|Win32 = Shipping|Win32
		Shipping|Win64 = Shipping|Win64
	EndGlobalSection
	GlobalSection(ProjectConfigurationPlatforms) = postSolution
		{0D297E33-808A-4262-8F84-F4A219AD1762}.DebugGame Editor|HTML5.ActiveCfg = BuiltWithUnrealBuildTool|Win32
		{0D297E33-808A-4262-8F84-F4A219AD1762}.DebugGame Editor|HTML5.Build.0 = BuiltWithUnrealBuildTool|Win32
		{0D297E33-808A-4262-8F84-F4A219AD1762}.DebugGame Editor|IOS.ActiveCfg = BuiltWithUnrealBuildTool|Win32
		{0D297E33-808A-4262-8F84-F4A219AD1762}.DebugGame Editor|IOS.Build.0 = BuiltWithUnrealBuildTool|Win32
		{0D297E33-808A-4262-8F84-F4A219AD1762}.DebugGame Editor|Win32.ActiveCfg = BuiltWithUnrealBuildTool|Win32
		{0D297E33-808A-4262-8F84-F4A219AD1762}.DebugGame Editor|Win32.Build.0 = BuiltWithUnrealBuildTool|Win32
		{0D297E33-808A-4262-8F84-F4A219AD1762}.DebugGame Editor|Win64.ActiveCfg = BuiltWithUnrealBuildTool|Win32
		{0D297E33-808A-4262-8F84-F4A219AD1762}.DebugGame Editor|Win64.Build.0 = BuiltWithUnrealBuildTool|Win32
		{0D297E33-808A-4262-8F84-F4A219AD1762}.DebugGame|HTML5.ActiveCfg = BuiltWithUnrealBuildTool|Win32
		{0D297E33-808A-4262-8F84-F4A219AD1762}.DebugGame|HTML5.Build.0 = BuiltWithUnrealBuildTool|Win32
		{0D297E33-808A-4262-8F84-F4A219AD1762}.DebugGame|IOS.ActiveCfg = BuiltWithUnrealBuildTool|Win32
		{0D297E33-808A-4262-8F84-F4A219AD1762}.DebugGame|IOS.Build.0 = BuiltWithUnrealBuildTool|Win32
		{0D297E33-808A-4262-8F84-F4A219AD1762}.DebugGame|Win32.ActiveCfg = BuiltWithUnrealBuildTool|Win32
		{0D297E33-808A-4262-8F84-F4A219AD1762}.DebugGame|Win32.Build.0 = BuiltWithUnrealBuildTool|Win32
		{0D297E33-808A-4262-8F84-F4A219AD1762}.DebugGame|Win64.ActiveCfg = BuiltWithUnrealBuildTool|Win32
		{0D297E33-808A-4262-8F84-F4A219AD1762}.DebugGame|Win64.Build.0 = BuiltWithUnrealBuildTool|Win32
		{0D297E33-808A-4262-8F84-F4A219AD1762}.Development Editor|HTML5.ActiveCfg = BuiltWithUnrealBuildTool|Win32
		{0D297E33-808A-4262-8F84-F4A219AD1762}.Development Editor|HTML5.Build.0 = BuiltWithUnrealBuildTool|Win32
		{0D297E33-808A-4262-8F84-F4A219AD1762}.Development Editor|IOS.ActiveCfg = BuiltWithUnrealBuildTool|Win32
		{0D297E33-808A-4262-8F84-F4A219AD1762}.Development Editor|IOS.Build.0 = BuiltWithUnrealBuildTool|Win32
		{0D297E33-808A-4262-8F84-F4A219AD1762}.Development Editor|Win32.ActiveCfg = BuiltWithUnrealBuildTool|Win32
		{0D297E33-808A-4262-8F84-F4A219AD1762}.Development Editor|Win32.Build.0 = BuiltWithUnrealBuildTool|Win32
		{0D297E33-808A-4262-8F84-F4A219AD1762}.Development Editor|Win64.ActiveCfg = BuiltWithUnrealBuildTool|Win32
		{0D297E33-808A-4262-8F84-F4A219AD1762}.Development Editor|Win64.Build.0 = BuiltWithUnrealBuildTool|Win32
		{0D297E33-808A-4262-8F84-F4A219AD1762}.Development|HTML5.ActiveCfg = BuiltWithUnrealBuildTool|Win32
		{0D297E33-808A-4262-8F84-F4A219AD1762}.Development|HTML5.Build.0 = BuiltWithUnrealBuildTool|Win32
		{0D297E33-808A-4262-8F84-F4A219AD1762}.Development|IOS.ActiveCfg = BuiltWithUnrealBuildTool|Win32
		{0D297E33-808A-4262-8F84-F4A219AD1762}.Development|IOS.Build.0 = BuiltWithUnrealBuildTool|Win32
		{0D297E33-808A-4262-8F84-F4A219AD1762}.Development|Win32.ActiveCfg = BuiltWithUnrealBuildTool|Win32
		{0D297E33-808A-4262-8F84-F4A219AD1762}.Development|Win32.Build.0 = BuiltWithUnrealBuildTool|Win32
		{0D297E33-808A-4262-8F84-F4A219AD1762}.Development|Win64.ActiveCfg = BuiltWithUnrealBuildTool|Win32
		{0D297E33-808A-4262-8F84-F4A219AD1762}.Development|Win64.Build.0 = BuiltWithUnrealBuildTool|Win32
		{0D297E33-808A-4262-8F84-F4A219AD1762}.Shipping|HTML5.ActiveCfg = BuiltWithUnrealBuildTool|Win32
		{0D297E33-808A-4262-8F84-F4A219AD1762}.Shipping|HTML5.Build.0 = BuiltWithUnrealBuildTool|Win32
		{0D297E33-808A-4262-8F84-F4A219AD1762}.Shipping|IOS.ActiveCfg = BuiltWithUnrealBuildTool|Win32
		{0D297E33-808A-4262-8F84-F4A219AD1762}.Shipping|IOS.Build.0 = BuiltWithUnrealBuildTool|Win32
		{0D297E33-808A-4262-8F84-F4A219AD1762}.Shipping|Win32.ActiveCfg = BuiltWithUnrealBuildTool|Win32
		{0D297E33-808A-4262-8F84-F4A219AD1762}.Shipping|Win32.Build.0 = BuiltWithUnrealBuildTool|Win32
		{0D297E33-808A-4262-8F84-F4A219AD1762}.Shipping|Win64.ActiveCfg = BuiltWithUnrealBuildTool|Win32
		{0D297E33-808A-4262-8F84-F4A219AD1762}.Shipping|Win64.Build.0 = BuiltWithUnrealBuildTool|Win32
		{7908A21A-33E5-4986-B048-B44631A33928}.DebugGame Editor|HTML5.ActiveCfg = HTML5_DebugGame_Editor|Win32
		{7908A21A-33E5-4986-B048-B44631A33928}.DebugGame Editor|IOS.ActiveCfg = IOS_DebugGame_Editor|Win32
		{7908A21A-33E5-4986-B048-B44631A33928}.DebugGame Editor|Win32.ActiveCfg = DebugGame_Editor|Win32
		{7908A21A-33E5-4986-B048-B44631A33928}.DebugGame Editor|Win64.ActiveCfg = DebugGame_Editor|x64
		{7908A21A-33E5-4986-B048-B44631A33928}.DebugGame Editor|Win64.Build.0 = DebugGame_Editor|x64
		{7908A21A-33E5-4986-B048-B44631A33928}.DebugGame|HTML5.ActiveCfg = HTML5_DebugGame_Game|Win32
		{7908A21A-33E5-4986-B048-B44631A33928}.DebugGame|HTML5.Build.0 = HTML5_DebugGame_Game|Win32
		{7908A21A-33E5-4986-B048-B44631A33928}.DebugGame|IOS.ActiveCfg = IOS_DebugGame_Game|Win32
		{7908A21A-33E5-4986-B048-B44631A33928}.DebugGame|IOS.Build.0 = IOS_DebugGame_Game|Win32
		{7908A21A-33E5-4986-B048-B44631A33928}.DebugGame|Win32.ActiveCfg = DebugGame_Game|Win32
		{7908A21A-33E5-4986-B048-B44631A33928}.DebugGame|Win32.Build.0 = DebugGame_Game|Win32
		{7908A21A-33E5-4986-B048-B44631A33928}.DebugGame|Win64.ActiveCfg = DebugGame_Game|x64
		{7908A21A-33E5-4986-B048-B44631A33928}.DebugGame|Win64.Build.0 = DebugGame_Game|x64
		{7908A21A-33E5-4986-B048-B44631A33928}.Development Editor|HTML5.ActiveCfg = HTML5_Development_Editor|Win32
		{7908A21A-33E5-4986-B048-B44631A33928}.Development Editor|IOS.ActiveCfg = IOS_Development_Editor|Win32
		{7908A21A-33E5-4986-B048-B44631A33928}.Development Editor|Win32.ActiveCfg = Development_Editor|Win32
		{7908A21A-33E5-4986-B048-B44631A33928}.Development Editor|Win64.ActiveCfg = Development_Editor|x64
		{7908A21A-33E5-4986-B048-B44631A33928}.Development Editor|Win64.Build.0 = Development_Editor|x64
		{7908A21A-33E5-4986-B048-B44631A33928}.Development|HTML5.ActiveCfg = HTML5_Development_Game|Win32
		{7908A21A-33E5-4986-B048-B44631A33928}.Development|HTML5.Build.0 = HTML5_Development_Game|Win32
		{7908A21A-33E5-4986-B048-B44631A33928}.Development|IOS.ActiveCfg = IOS_Development_Game|Win32
		{7908A21A-33E5-4986-B048-B44631A33928}.Development|IOS.Build.0 = IOS_Development_Game|Win32
		{7908A21A-33E5-4986-B048-B44631A33928}.Development|Win32.ActiveCfg = Development_Game|Win32
		{7908A21A-33E5-4986-B048-B44631A33928}.Development|Win32.Build.0 = Development_Game|Win32
		{7908A21A-33E5-4986-B048-B44631A33928}.Development|Win64.ActiveCfg = Development_Game|x64
		{7908A21A-33E5-4986-B048-B44631A33928}.Development|Win64.Build.0 = Development_Game|x64
		{7908A21A-33E5-4986-B048-B44631A33928}.Shipping|HTML5.ActiveCfg = HTML5_Shipping_Game|Win32
		{7908A21A-33E5-4986-B048-B44631A33928}.Shipping|HTML5.Build.0 = HTML5_Shipping_Game|Win32
		{7908A21A-33E5-4986-B048-B44631A33928}.Shipping|IOS.ActiveCfg = IOS_Shipping_Game|Win32
		{7908A21A-33E5-4986-B048-B44631A33928}.Shipping|IOS.Build.0 = IOS_Shipping_Game|Win32
		{7908A21A-33E5-4986-B048-B44631A33928}.Shipping|Win32.ActiveCfg = Shipping_Game|Win32
		{7908A21A-33E5-4986-B048-B44631A33928}.Shipping|Win32.Build.0 = Shipping_Game|Win32
		{7908A21A-33E5-4986-B048-B44631A33928}.Shipping|Win64.ActiveCfg = Shipping_Game|x64
		{7908A21A-33E5-4986-B048-B44631A33928}.Shipping|Win64.Build.0 = Shipping_Game|x64
	EndGlobalSection
	GlobalSection(SolutionProperties) = preSolution
		HideSolutionNode = FALSE
	EndGlobalSection
	GlobalSection(NestedProjects) = preSolution
		{0D297E33-808A-4262-8F84-F4A219AD1762} = {9F3C4ADF-60E6-4D02-A1F0-88661BE7CB72}
		{7908A21A-33E5-4986-B048-B44631A33928} = {5448C58E-6CEF-432D-81EC-4F9C72E9AB73}
	EndGlobalSection
	GlobalSection(ExtensibilityGlobals) = postSolution
		SolutionGuid = {F1A0D5F7-F499-4132-9886-69F37C4A5D54}
	EndGlobalSection
EndGlobal
